
Microsoft Visual Studio Solution File, Format Version 12.00
# Visual Studio 15
VisualStudioVersion = 15.0.28010.2041
MinimumVisualStudioVersion = 10.0.40219.1
Project("{FAE04EC0-301F-11D3-BF4B-00C04F79EFBC}") = "HashTable", "HashTable.csproj", "{D6EC78BF-1D50-4849-9A77-2E042BA3575A}"
EndProject
Project("{FAE04EC0-301F-11D3-BF4B-00C04F79EFBC}") = "HashTest", "..\HashTest\HashTest.csproj", "{4A9C3EEC-6F6C-4214-B717-92F390ED6DF0}"
EndProject
Global
	GlobalSection(SolutionConfigurationPlatforms) = preSolution
		Debug|Any CPU = Debug|Any CPU
		Release|Any CPU = Release|Any CPU
	EndGlobalSection
	GlobalSection(ProjectConfigurationPlatforms) = postSolution
		{D6EC78BF-1D50-4849-9A77-2E042BA3575A}.Debug|Any CPU.ActiveCfg = Debug|Any CPU
		{D6EC78BF-1D50-4849-9A77-2E042BA3575A}.Debug|Any CPU.Build.0 = Debug|Any CPU
		{D6EC78BF-1D50-4849-9A77-2E042BA3575A}.Release|Any CPU.ActiveCfg = Release|Any CPU
		{D6EC78BF-1D50-4849-9A77-2E042BA3575A}.Release|Any CPU.Build.0 = Release|Any CPU
		{4A9C3EEC-6F6C-4214-B717-92F390ED6DF0}.Debug|Any CPU.ActiveCfg = Debug|Any CPU
		{4A9C3EEC-6F6C-4214-B717-92F390ED6DF0}.Debug|Any CPU.Build.0 = Debug|Any CPU
		{4A9C3EEC-6F6C-4214-B717-92F390ED6DF0}.Release|Any CPU.ActiveCfg = Release|Any CPU
		{4A9C3EEC-6F6C-4214-B717-92F390ED6DF0}.Release|Any CPU.Build.0 = Release|Any CPU
	EndGlobalSection
	GlobalSection(SolutionProperties) = preSolution
		HideSolutionNode = FALSE
	EndGlobalSection
	GlobalSection(ExtensibilityGlobals) = postSolution
		SolutionGuid = {738EFBFF-9EA2-4540-AFF7-DAA3723AF32F}
	EndGlobalSection
EndGlobal
